
Microsoft Visual Studio Solution File, Format Version 12.00
# Visual Studio 2013
VisualStudioVersion = 12.0.31101.0
MinimumVisualStudioVersion = 10.0.40219.1
Project("{FAE04EC0-301F-11D3-BF4B-00C04F79EFBC}") = "BetterConfigurationManager", "BetterConfigurationManager.csproj", "{1D252B2A-50F5-43CF-AADC-7B54675A01AF}"
EndProject
Project("{FAE04EC0-301F-11D3-BF4B-00C04F79EFBC}") = "BetterConfigurationManager.Tests", "Tests\BetterConfigurationManager.Tests.csproj", "{D4E85E0E-67FD-4DC4-9C0B-2BAD3AEE6BA8}"
EndProject
Global
	GlobalSection(SolutionConfigurationPlatforms) = preSolution
		Debug|Any CPU = Debug|Any CPU
		Release|Any CPU = Release|Any CPU
	EndGlobalSection
	GlobalSection(ProjectConfigurationPlatforms) = postSolution
		{1D252B2A-50F5-43CF-AADC-7B54675A01AF}.Debug|Any CPU.ActiveCfg = Debug|Any CPU
		{1D252B2A-50F5-43CF-AADC-7B54675A01AF}.Debug|Any CPU.Build.0 = Debug|Any CPU
		{1D252B2A-50F5-43CF-AADC-7B54675A01AF}.Release|Any CPU.ActiveCfg = Release|Any CPU
		{1D252B2A-50F5-43CF-AADC-7B54675A01AF}.Release|Any CPU.Build.0 = Release|Any CPU
		{D4E85E0E-67FD-4DC4-9C0B-2BAD3AEE6BA8}.Debug|Any CPU.ActiveCfg = Debug|Any CPU
		{D4E85E0E-67FD-4DC4-9C0B-2BAD3AEE6BA8}.Debug|Any CPU.Build.0 = Debug|Any CPU
		{D4E85E0E-67FD-4DC4-9C0B-2BAD3AEE6BA8}.Release|Any CPU.ActiveCfg = Release|Any CPU
		{D4E85E0E-67FD-4DC4-9C0B-2BAD3AEE6BA8}.Release|Any CPU.Build.0 = Release|Any CPU
	EndGlobalSection
	GlobalSection(SolutionProperties) = preSolution
		HideSolutionNode = FALSE
	EndGlobalSection
EndGlobal
